
Microsoft Visual Studio Solution File, Format Version 12.00
# Visual Studio Version 17
VisualStudioVersion = 17.3.32825.248
MinimumVisualStudioVersion = 10.0.40219.1
Project("{FAE04EC0-301F-11D3-BF4B-00C04F79EFBC}") = "FractionCalculatorGUI", "FractionCalculatorGUI.csproj", "{12B328C5-EAC0-470A-A747-EF750E437F7E}"
EndProject
Global
	GlobalSection(SolutionConfigurationPlatforms) = preSolution
		Debug|Any CPU = Debug|Any CPU
		Release|Any CPU = Release|Any CPU
	EndGlobalSection
	GlobalSection(ProjectConfigurationPlatforms) = postSolution
		{12B328C5-EAC0-470A-A747-EF750E437F7E}.Debug|Any CPU.ActiveCfg = Debug|Any CPU
		{12B328C5-EAC0-470A-A747-EF750E437F7E}.Debug|Any CPU.Build.0 = Debug|Any CPU
		{12B328C5-EAC0-470A-A747-EF750E437F7E}.Release|Any CPU.ActiveCfg = Release|Any CPU
		{12B328C5-EAC0-470A-A747-EF750E437F7E}.Release|Any CPU.Build.0 = Release|Any CPU
	EndGlobalSection
	GlobalSection(SolutionProperties) = preSolution
		HideSolutionNode = FALSE
	EndGlobalSection
	GlobalSection(ExtensibilityGlobals) = postSolution
		SolutionGuid = {E4952F1F-0AF8-4544-8EDE-0447D195D752}
	EndGlobalSection
EndGlobal
